{
  "name": "@dominion-framework/repository-http",
  "version": "0.2.7",
  "lockfileVersion": 1,
  "requires": true,
  "dependencies": {
    "api-declaration": {
      "version": "0.0.5",
      "resolved": "https://registry.npmjs.org/api-declaration/-/api-declaration-0.0.5.tgz",
      "integrity": "sha512-3vY7AqQ1dOEPivhi++xuwhXOxwqylsrogueTLtiROhIzNjhhM1pkxlxtG+4jDuiWGnZez5BqUDZLvAEUucuf1Q=="
    },
    "node-fetch": {
      "version": "2.6.1",
      "resolved": "https://registry.npmjs.org/node-fetch/-/node-fetch-2.6.1.tgz",
      "integrity": "sha512-V4aYg89jEoVRxRb2fJdAg8FHvI7cEyYdVAh94HH0UIK8oJxUfkjlDQN9RbMx+bEjP7+ggMiFRprSti032Oipxw=="
    }
  }
}
